// !$*UTF8*$!
{
	archiveVersion = 1;
	classes = {
	};
	objectVersion = 46;
	objects = {

/* Begin PBXBuildFile section */
		1BAE02EA1D3FF6EC009C2BC7 /* ProgressCell.swift in Sources */ = {isa = PBXBuildFile; fileRef = 1BAE02E91D3FF6EC009C2BC7 /* ProgressCell.swift */; };
		1BAE02ED1D429D3F009C2BC7 /* SF-UI-Text-LightItalic.otf in Resources */ = {isa = PBXBuildFile; fileRef = 1BAE02EC1D429D3F009C2BC7 /* SF-UI-Text-LightItalic.otf */; };
		1BAE02EF1D42AF95009C2BC7 /* ContractViewController.swift in Sources */ = {isa = PBXBuildFile; fileRef = 1BAE02EE1D42AF95009C2BC7 /* ContractViewController.swift */; };
		1BB3E2941D47D6CF00820DDB /* AchievementsCell.swift in Sources */ = {isa = PBXBuildFile; fileRef = 1BB3E2931D47D6CF00820DDB /* AchievementsCell.swift */; };
		1BC6B1581D3D5AB200567865 /* AppDelegate.swift in Sources */ = {isa = PBXBuildFile; fileRef = 1BC6B1571D3D5AB200567865 /* AppDelegate.swift */; };
		1BC6B15D1D3D5AB200567865 /* Main.storyboard in Resources */ = {isa = PBXBuildFile; fileRef = 1BC6B15B1D3D5AB200567865 /* Main.storyboard */; };
		1BC6B15F1D3D5AB200567865 /* Assets.xcassets in Resources */ = {isa = PBXBuildFile; fileRef = 1BC6B15E1D3D5AB200567865 /* Assets.xcassets */; };
		1BC6B1621D3D5AB200567865 /* LaunchScreen.storyboard in Resources */ = {isa = PBXBuildFile; fileRef = 1BC6B1601D3D5AB200567865 /* LaunchScreen.storyboard */; };
		1BC6B1701D3E860300567865 /* ProgressViewController.swift in Sources */ = {isa = PBXBuildFile; fileRef = 1BC6B16F1D3E860300567865 /* ProgressViewController.swift */; };
		1BC6B1741D3E864500567865 /* AchievementsViewController.swift in Sources */ = {isa = PBXBuildFile; fileRef = 1BC6B1731D3E864500567865 /* AchievementsViewController.swift */; };
		1BC6B1761D3E86A000567865 /* TabBarViewController.swift in Sources */ = {isa = PBXBuildFile; fileRef = 1BC6B1751D3E86A000567865 /* TabBarViewController.swift */; };
		1BC6B1791D3E875400567865 /* Lato-Regular.ttf in Resources */ = {isa = PBXBuildFile; fileRef = 1BC6B1771D3E875400567865 /* Lato-Regular.ttf */; };
		1BC6B17A1D3E875400567865 /* Lato-Semibold.ttf in Resources */ = {isa = PBXBuildFile; fileRef = 1BC6B1781D3E875400567865 /* Lato-Semibold.ttf */; };
		1BC6B17E1D3E8D2D00567865 /* SF-UI-Text-Regular.otf in Resources */ = {isa = PBXBuildFile; fileRef = 1BC6B17C1D3E8D2D00567865 /* SF-UI-Text-Regular.otf */; };
		1BC6B1801D3E8D6400567865 /* SF-UI-Display-Light.otf in Resources */ = {isa = PBXBuildFile; fileRef = 1BC6B17F1D3E8D6400567865 /* SF-UI-Display-Light.otf */; };
		D136F4CF1D46797B0032B85D /* Extension.swift in Sources */ = {isa = PBXBuildFile; fileRef = D136F4CE1D46797B0032B85D /* Extension.swift */; };
		D136F4D31D468A390032B85D /* UserPropertyList.plist in Resources */ = {isa = PBXBuildFile; fileRef = D136F4D21D468A390032B85D /* UserPropertyList.plist */; };
		D1F0A35D1D40038F002C83A8 /* HealthAchievement.swift in Sources */ = {isa = PBXBuildFile; fileRef = D1F0A35C1D40038F002C83A8 /* HealthAchievement.swift */; };
		D1F0A35F1D4003B4002C83A8 /* User.swift in Sources */ = {isa = PBXBuildFile; fileRef = D1F0A35E1D4003B4002C83A8 /* User.swift */; };
		D1F0A3611D400A5E002C83A8 /* MoneyAchievement.swift in Sources */ = {isa = PBXBuildFile; fileRef = D1F0A3601D400A5E002C83A8 /* MoneyAchievement.swift */; };
		D1F0A3631D400CBB002C83A8 /* DateManager.swift in Sources */ = {isa = PBXBuildFile; fileRef = D1F0A3621D400CBB002C83A8 /* DateManager.swift */; };
		D1F0A3651D400FB7002C83A8 /* Benefit.swift in Sources */ = {isa = PBXBuildFile; fileRef = D1F0A3641D400FB7002C83A8 /* Benefit.swift */; };
		D1F0A3691D42B20F002C83A8 /* Plist.swift in Sources */ = {isa = PBXBuildFile; fileRef = D1F0A3681D42B20F002C83A8 /* Plist.swift */; };
/* End PBXBuildFile section */

/* Begin PBXFileReference section */
		1BAE02E91D3FF6EC009C2BC7 /* ProgressCell.swift */ = {isa = PBXFileReference; fileEncoding = 4; lastKnownFileType = sourcecode.swift; path = ProgressCell.swift; sourceTree = "<group>"; };
		1BAE02EC1D429D3F009C2BC7 /* SF-UI-Text-LightItalic.otf */ = {isa = PBXFileReference; lastKnownFileType = file; path = "SF-UI-Text-LightItalic.otf"; sourceTree = "<group>"; };
		1BAE02EE1D42AF95009C2BC7 /* ContractViewController.swift */ = {isa = PBXFileReference; fileEncoding = 4; lastKnownFileType = sourcecode.swift; path = ContractViewController.swift; sourceTree = "<group>"; };
		1BB3E2931D47D6CF00820DDB /* AchievementsCell.swift */ = {isa = PBXFileReference; fileEncoding = 4; lastKnownFileType = sourcecode.swift; path = AchievementsCell.swift; sourceTree = "<group>"; };
		1BC6B1541D3D5AB200567865 /* DoNotSmokeApp.app */ = {isa = PBXFileReference; explicitFileType = wrapper.application; includeInIndex = 0; path = DoNotSmokeApp.app; sourceTree = BUILT_PRODUCTS_DIR; };
		1BC6B1571D3D5AB200567865 /* AppDelegate.swift */ = {isa = PBXFileReference; lastKnownFileType = sourcecode.swift; path = AppDelegate.swift; sourceTree = "<group>"; };
		1BC6B15C1D3D5AB200567865 /* Base */ = {isa = PBXFileReference; lastKnownFileType = file.storyboard; name = Base; path = Base.lproj/Main.storyboard; sourceTree = "<group>"; };
		1BC6B15E1D3D5AB200567865 /* Assets.xcassets */ = {isa = PBXFileReference; lastKnownFileType = folder.assetcatalog; path = Assets.xcassets; sourceTree = "<group>"; };
		1BC6B1611D3D5AB200567865 /* Base */ = {isa = PBXFileReference; lastKnownFileType = file.storyboard; name = Base; path = Base.lproj/LaunchScreen.storyboard; sourceTree = "<group>"; };
		1BC6B1631D3D5AB200567865 /* Info.plist */ = {isa = PBXFileReference; lastKnownFileType = text.plist.xml; path = Info.plist; sourceTree = "<group>"; };
		1BC6B16F1D3E860300567865 /* ProgressViewController.swift */ = {isa = PBXFileReference; fileEncoding = 4; lastKnownFileType = sourcecode.swift; path = ProgressViewController.swift; sourceTree = "<group>"; };
		1BC6B1731D3E864500567865 /* AchievementsViewController.swift */ = {isa = PBXFileReference; fileEncoding = 4; lastKnownFileType = sourcecode.swift; path = AchievementsViewController.swift; sourceTree = "<group>"; };
		1BC6B1751D3E86A000567865 /* TabBarViewController.swift */ = {isa = PBXFileReference; fileEncoding = 4; lastKnownFileType = sourcecode.swift; name = TabBarViewController.swift; path = ../TabBarViewController.swift; sourceTree = "<group>"; };
		1BC6B1771D3E875400567865 /* Lato-Regular.ttf */ = {isa = PBXFileReference; lastKnownFileType = file; path = "Lato-Regular.ttf"; sourceTree = "<group>"; };
		1BC6B1781D3E875400567865 /* Lato-Semibold.ttf */ = {isa = PBXFileReference; lastKnownFileType = file; path = "Lato-Semibold.ttf"; sourceTree = "<group>"; };
		1BC6B17C1D3E8D2D00567865 /* SF-UI-Text-Regular.otf */ = {isa = PBXFileReference; lastKnownFileType = file; path = "SF-UI-Text-Regular.otf"; sourceTree = "<group>"; };
		1BC6B17F1D3E8D6400567865 /* SF-UI-Display-Light.otf */ = {isa = PBXFileReference; lastKnownFileType = file; path = "SF-UI-Display-Light.otf"; sourceTree = "<group>"; };
		D136F4CE1D46797B0032B85D /* Extension.swift */ = {isa = PBXFileReference; fileEncoding = 4; lastKnownFileType = sourcecode.swift; path = Extension.swift; sourceTree = "<group>"; };
		D136F4D21D468A390032B85D /* UserPropertyList.plist */ = {isa = PBXFileReference; fileEncoding = 4; lastKnownFileType = text.plist.xml; path = UserPropertyList.plist; sourceTree = "<group>"; };
		D1F0A35C1D40038F002C83A8 /* HealthAchievement.swift */ = {isa = PBXFileReference; fileEncoding = 4; lastKnownFileType = sourcecode.swift; path = HealthAchievement.swift; sourceTree = "<group>"; };
		D1F0A35E1D4003B4002C83A8 /* User.swift */ = {isa = PBXFileReference; fileEncoding = 4; lastKnownFileType = sourcecode.swift; path = User.swift; sourceTree = "<group>"; };
		D1F0A3601D400A5E002C83A8 /* MoneyAchievement.swift */ = {isa = PBXFileReference; fileEncoding = 4; lastKnownFileType = sourcecode.swift; path = MoneyAchievement.swift; sourceTree = "<group>"; };
		D1F0A3621D400CBB002C83A8 /* DateManager.swift */ = {isa = PBXFileReference; fileEncoding = 4; lastKnownFileType = sourcecode.swift; path = DateManager.swift; sourceTree = "<group>"; };
		D1F0A3641D400FB7002C83A8 /* Benefit.swift */ = {isa = PBXFileReference; fileEncoding = 4; lastKnownFileType = sourcecode.swift; path = Benefit.swift; sourceTree = "<group>"; };
		D1F0A3681D42B20F002C83A8 /* Plist.swift */ = {isa = PBXFileReference; fileEncoding = 4; lastKnownFileType = sourcecode.swift; path = Plist.swift; sourceTree = "<group>"; };
/* End PBXFileReference section */

/* Begin PBXFrameworksBuildPhase section */
		1BC6B1511D3D5AB200567865 /* Frameworks */ = {
			isa = PBXFrameworksBuildPhase;
			buildActionMask = 2147483647;
			files = (
			);
			runOnlyForDeploymentPostprocessing = 0;
		};
/* End PBXFrameworksBuildPhase section */

/* Begin PBXGroup section */
		1BAE02EB1D3FF6F8009C2BC7 /* Progress */ = {
			isa = PBXGroup;
			children = (
				1BC6B16F1D3E860300567865 /* ProgressViewController.swift */,
				1BAE02E91D3FF6EC009C2BC7 /* ProgressCell.swift */,
			);
			name = Progress;
			sourceTree = "<group>";
		};
		1BB3E2921D47D66E00820DDB /* Achievements */ = {
			isa = PBXGroup;
			children = (
				1BC6B1731D3E864500567865 /* AchievementsViewController.swift */,
				1BB3E2931D47D6CF00820DDB /* AchievementsCell.swift */,
			);
			name = Achievements;
			sourceTree = "<group>";
		};
		1BC6B14B1D3D5AB200567865 = {
			isa = PBXGroup;
			children = (
				1BC6B1561D3D5AB200567865 /* DoNotSmokeApp */,
				1BC6B1551D3D5AB200567865 /* Products */,
			);
			sourceTree = "<group>";
		};
		1BC6B1551D3D5AB200567865 /* Products */ = {
			isa = PBXGroup;
			children = (
				1BC6B1541D3D5AB200567865 /* DoNotSmokeApp.app */,
			);
			name = Products;
			sourceTree = "<group>";
		};
		1BC6B1561D3D5AB200567865 /* DoNotSmokeApp */ = {
			isa = PBXGroup;
			children = (
				1BC6B16B1D3D615B00567865 /* Model */,
				1BC6B16A1D3D614F00567865 /* View */,
				1BC6B1691D3D614900567865 /* Controller */,
				1BC6B16C1D3D616600567865 /* Supporting Files */,
			);
			path = DoNotSmokeApp;
			sourceTree = "<group>";
		};
		1BC6B1691D3D614900567865 /* Controller */ = {
			isa = PBXGroup;
			children = (
				1BAE02EE1D42AF95009C2BC7 /* ContractViewController.swift */,
				1BC6B1751D3E86A000567865 /* TabBarViewController.swift */,
				1BB3E2921D47D66E00820DDB /* Achievements */,
				1BAE02EB1D3FF6F8009C2BC7 /* Progress */,
			);
			name = Controller;
			sourceTree = "<group>";
		};
		1BC6B16A1D3D614F00567865 /* View */ = {
			isa = PBXGroup;
			children = (
				1BC6B15B1D3D5AB200567865 /* Main.storyboard */,
				1BC6B1601D3D5AB200567865 /* LaunchScreen.storyboard */,
			);
			name = View;
			sourceTree = "<group>";
		};
		1BC6B16B1D3D615B00567865 /* Model */ = {
			isa = PBXGroup;
			children = (
				D1F0A35E1D4003B4002C83A8 /* User.swift */,
				D1F0A3621D400CBB002C83A8 /* DateManager.swift */,
				D1F0A35C1D40038F002C83A8 /* HealthAchievement.swift */,
				D1F0A3601D400A5E002C83A8 /* MoneyAchievement.swift */,
				D1F0A3641D400FB7002C83A8 /* Benefit.swift */,
				D1F0A3681D42B20F002C83A8 /* Plist.swift */,
				D136F4D21D468A390032B85D /* UserPropertyList.plist */,
			);
			name = Model;
			sourceTree = "<group>";
		};
		1BC6B16C1D3D616600567865 /* Supporting Files */ = {
			isa = PBXGroup;
			children = (
				1BAE02EC1D429D3F009C2BC7 /* SF-UI-Text-LightItalic.otf */,
				1BC6B17F1D3E8D6400567865 /* SF-UI-Display-Light.otf */,
				1BC6B17C1D3E8D2D00567865 /* SF-UI-Text-Regular.otf */,
				1BC6B1771D3E875400567865 /* Lato-Regular.ttf */,
				1BC6B1781D3E875400567865 /* Lato-Semibold.ttf */,
				1BC6B1571D3D5AB200567865 /* AppDelegate.swift */,
				1BC6B15E1D3D5AB200567865 /* Assets.xcassets */,
				1BC6B1631D3D5AB200567865 /* Info.plist */,
				D136F4CE1D46797B0032B85D /* Extension.swift */,
			);
			name = "Supporting Files";
			sourceTree = "<group>";
		};
/* End PBXGroup section */

/* Begin PBXNativeTarget section */
		1BC6B1531D3D5AB200567865 /* DoNotSmokeApp */ = {
			isa = PBXNativeTarget;
			buildConfigurationList = 1BC6B1661D3D5AB200567865 /* Build configuration list for PBXNativeTarget "DoNotSmokeApp" */;
			buildPhases = (
				1BC6B1501D3D5AB200567865 /* Sources */,
				1BC6B1511D3D5AB200567865 /* Frameworks */,
				1BC6B1521D3D5AB200567865 /* Resources */,
			);
			buildRules = (
			);
			dependencies = (
			);
			name = DoNotSmokeApp;
			productName = DoNotSmokeApp;
			productReference = 1BC6B1541D3D5AB200567865 /* DoNotSmokeApp.app */;
			productType = "com.apple.product-type.application";
		};
/* End PBXNativeTarget section */

/* Begin PBXProject section */
		1BC6B14C1D3D5AB200567865 /* Project object */ = {
			isa = PBXProject;
			attributes = {
				LastSwiftUpdateCheck = 0730;
				LastUpgradeCheck = 0730;
				ORGANIZATIONNAME = "Isabela Pereira";
				TargetAttributes = {
					1BC6B1531D3D5AB200567865 = {
						CreatedOnToolsVersion = 7.3.1;
						DevelopmentTeam = 7S5BW22U4Y;
					};
				};
			};
			buildConfigurationList = 1BC6B14F1D3D5AB200567865 /* Build configuration list for PBXProject "DoNotSmokeApp" */;
			compatibilityVersion = "Xcode 3.2";
			developmentRegion = English;
			hasScannedForEncodings = 0;
			knownRegions = (
				en,
				Base,
			);
			mainGroup = 1BC6B14B1D3D5AB200567865;
			productRefGroup = 1BC6B1551D3D5AB200567865 /* Products */;
			projectDirPath = "";
			projectRoot = "";
			targets = (
				1BC6B1531D3D5AB200567865 /* DoNotSmokeApp */,
			);
		};
/* End PBXProject section */

/* Begin PBXResourcesBuildPhase section */
		1BC6B1521D3D5AB200567865 /* Resources */ = {
			isa = PBXResourcesBuildPhase;
			buildActionMask = 2147483647;
			files = (
				1BC6B17A1D3E875400567865 /* Lato-Semibold.ttf in Resources */,
				1BC6B1621D3D5AB200567865 /* LaunchScreen.storyboard in Resources */,
				1BAE02ED1D429D3F009C2BC7 /* SF-UI-Text-LightItalic.otf in Resources */,
				D136F4D31D468A390032B85D /* UserPropertyList.plist in Resources */,
				1BC6B1801D3E8D6400567865 /* SF-UI-Display-Light.otf in Resources */,
				1BC6B15F1D3D5AB200567865 /* Assets.xcassets in Resources */,
				1BC6B15D1D3D5AB200567865 /* Main.storyboard in Resources */,
				1BC6B17E1D3E8D2D00567865 /* SF-UI-Text-Regular.otf in Resources */,
				1BC6B1791D3E875400567865 /* Lato-Regular.ttf in Resources */,
			);
			runOnlyForDeploymentPostprocessing = 0;
		};
/* End PBXResourcesBuildPhase section */

/* Begin PBXSourcesBuildPhase section */
		1BC6B1501D3D5AB200567865 /* Sources */ = {
			isa = PBXSourcesBuildPhase;
			buildActionMask = 2147483647;
			files = (
				1BC6B1741D3E864500567865 /* AchievementsViewController.swift in Sources */,
				1BB3E2941D47D6CF00820DDB /* AchievementsCell.swift in Sources */,
				1BAE02EA1D3FF6EC009C2BC7 /* ProgressCell.swift in Sources */,
				D1F0A3611D400A5E002C83A8 /* MoneyAchievement.swift in Sources */,
				1BAE02EF1D42AF95009C2BC7 /* ContractViewController.swift in Sources */,
				D1F0A3651D400FB7002C83A8 /* Benefit.swift in Sources */,
				D1F0A3691D42B20F002C83A8 /* Plist.swift in Sources */,
				1BC6B1581D3D5AB200567865 /* AppDelegate.swift in Sources */,
				1BC6B1761D3E86A000567865 /* TabBarViewController.swift in Sources */,
				1BC6B1701D3E860300567865 /* ProgressViewController.swift in Sources */,
				D136F4CF1D46797B0032B85D /* Extension.swift in Sources */,
				D1F0A35D1D40038F002C83A8 /* HealthAchievement.swift in Sources */,
				D1F0A3631D400CBB002C83A8 /* DateManager.swift in Sources */,
				D1F0A35F1D4003B4002C83A8 /* User.swift in Sources */,
			);
			runOnlyForDeploymentPostprocessing = 0;
		};
/* End PBXSourcesBuildPhase section */

/* Begin PBXVariantGroup section */
		1BC6B15B1D3D5AB200567865 /* Main.storyboard */ = {
			isa = PBXVariantGroup;
			children = (
				1BC6B15C1D3D5AB200567865 /* Base */,
			);
			name = Main.storyboard;
			sourceTree = "<group>";
		};
		1BC6B1601D3D5AB200567865 /* LaunchScreen.storyboard */ = {
			isa = PBXVariantGroup;
			children = (
				1BC6B1611D3D5AB200567865 /* Base */,
			);
			name = LaunchScreen.storyboard;
			sourceTree = "<group>";
		};
/* End PBXVariantGroup section */

/* Begin XCBuildConfiguration section */
		1BC6B1641D3D5AB200567865 /* Debug */ = {
			isa = XCBuildConfiguration;
			buildSettings = {
				ALWAYS_SEARCH_USER_PATHS = NO;
				CLANG_ANALYZER_NONNULL = YES;
				CLANG_CXX_LANGUAGE_STANDARD = "gnu++0x";
				CLANG_CXX_LIBRARY = "libc++";
				CLANG_ENABLE_MODULES = YES;
				CLANG_ENABLE_OBJC_ARC = YES;
				CLANG_WARN_BOOL_CONVERSION = YES;
				CLANG_WARN_CONSTANT_CONVERSION = YES;
				CLANG_WARN_DIRECT_OBJC_ISA_USAGE = YES_ERROR;
				CLANG_WARN_EMPTY_BODY = YES;
				CLANG_WARN_ENUM_CONVERSION = YES;
				CLANG_WARN_INT_CONVERSION = YES;
				CLANG_WARN_OBJC_ROOT_CLASS = YES_ERROR;
				CLANG_WARN_UNREACHABLE_CODE = YES;
				CLANG_WARN__DUPLICATE_METHOD_MATCH = YES;
				"CODE_SIGN_IDENTITY[sdk=iphoneos*]" = "iPhone Developer";
				COPY_PHASE_STRIP = NO;
				DEBUG_INFORMATION_FORMAT = dwarf;
				ENABLE_STRICT_OBJC_MSGSEND = YES;
				ENABLE_TESTABILITY = YES;
				GCC_C_LANGUAGE_STANDARD = gnu99;
				GCC_DYNAMIC_NO_PIC = NO;
				GCC_NO_COMMON_BLOCKS = YES;
				GCC_OPTIMIZATION_LEVEL = 0;
				GCC_PREPROCESSOR_DEFINITIONS = (
					"DEBUG=1",
					"$(inherited)",
				);
				GCC_WARN_64_TO_32_BIT_CONVERSION = YES;
				GCC_WARN_ABOUT_RETURN_TYPE = YES_ERROR;
				GCC_WARN_UNDECLARED_SELECTOR = YES;
				GCC_WARN_UNINITIALIZED_AUTOS = YES_AGGRESSIVE;
				GCC_WARN_UNUSED_FUNCTION = YES;
				GCC_WARN_UNUSED_VARIABLE = YES;
				IPHONEOS_DEPLOYMENT_TARGET = 9.3;
				MTL_ENABLE_DEBUG_INFO = YES;
				ONLY_ACTIVE_ARCH = YES;
				SDKROOT = iphoneos;
				SWIFT_OPTIMIZATION_LEVEL = "-Onone";
			};
			name = Debug;
		};
		1BC6B1651D3D5AB200567865 /* Release */ = {
			isa = XCBuildConfiguration;
			buildSettings = {
				ALWAYS_SEARCH_USER_PATHS = NO;
				CLANG_ANALYZER_NONNULL = YES;
				CLANG_CXX_LANGUAGE_STANDARD = "gnu++0x";
				CLANG_CXX_LIBRARY = "libc++";
				CLANG_ENABLE_MODULES = YES;
				CLANG_ENABLE_OBJC_ARC = YES;
				CLANG_WARN_BOOL_CONVERSION = YES;
				CLANG_WARN_CONSTANT_CONVERSION = YES;
				CLANG_WARN_DIRECT_OBJC_ISA_USAGE = YES_ERROR;
				CLANG_WARN_EMPTY_BODY = YES;
				CLANG_WARN_ENUM_CONVERSION = YES;
				CLANG_WARN_INT_CONVERSION = YES;
				CLANG_WARN_OBJC_ROOT_CLASS = YES_ERROR;
				CLANG_WARN_UNREACHABLE_CODE = YES;
				CLANG_WARN__DUPLICATE_METHOD_MATCH = YES;
				"CODE_SIGN_IDENTITY[sdk=iphoneos*]" = "iPhone Developer";
				COPY_PHASE_STRIP = NO;
				DEBUG_INFORMATION_FORMAT = "dwarf-with-dsym";
				ENABLE_NS_ASSERTIONS = NO;
				ENABLE_STRICT_OBJC_MSGSEND = YES;
				GCC_C_LANGUAGE_STANDARD = gnu99;
				GCC_NO_COMMON_BLOCKS = YES;
				GCC_WARN_64_TO_32_BIT_CONVERSION = YES;
				GCC_WARN_ABOUT_RETURN_TYPE = YES_ERROR;
				GCC_WARN_UNDECLARED_SELECTOR = YES;
				GCC_WARN_UNINITIALIZED_AUTOS = YES_AGGRESSIVE;
				GCC_WARN_UNUSED_FUNCTION = YES;
				GCC_WARN_UNUSED_VARIABLE = YES;
				IPHONEOS_DEPLOYMENT_TARGET = 9.3;
				MTL_ENABLE_DEBUG_INFO = NO;
				SDKROOT = iphoneos;
				VALIDATE_PRODUCT = YES;
			};
			name = Release;
		};
		1BC6B1671D3D5AB200567865 /* Debug */ = {
			isa = XCBuildConfiguration;
			buildSettings = {
				ASSETCATALOG_COMPILER_APPICON_NAME = AppIcon;
				CODE_SIGN_IDENTITY = "iPhone Developer";
				"CODE_SIGN_IDENTITY[sdk=iphoneos*]" = "iPhone Developer";
				INFOPLIST_FILE = DoNotSmokeApp/Info.plist;
				LD_RUNPATH_SEARCH_PATHS = "$(inherited) @executable_path/Frameworks";
				PRODUCT_BUNDLE_IDENTIFIER = StickWithMe;
				PRODUCT_NAME = "$(TARGET_NAME)";
				PROVISIONING_PROFILE = "";
			};
			name = Debug;
		};
		1BC6B1681D3D5AB200567865 /* Release */ = {
			isa = XCBuildConfiguration;
			buildSettings = {
				ASSETCATALOG_COMPILER_APPICON_NAME = AppIcon;
				CODE_SIGN_IDENTITY = "iPhone Developer";
				"CODE_SIGN_IDENTITY[sdk=iphoneos*]" = "iPhone Developer";
				INFOPLIST_FILE = DoNotSmokeApp/Info.plist;
				LD_RUNPATH_SEARCH_PATHS = "$(inherited) @executable_path/Frameworks";
				PRODUCT_BUNDLE_IDENTIFIER = StickWithMe;
				PRODUCT_NAME = "$(TARGET_NAME)";
				PROVISIONING_PROFILE = "";
			};
			name = Release;
		};
/* End XCBuildConfiguration section */

/* Begin XCConfigurationList section */
		1BC6B14F1D3D5AB200567865 /* Build configuration list for PBXProject "DoNotSmokeApp" */ = {
			isa = XCConfigurationList;
			buildConfigurations = (
				1BC6B1641D3D5AB200567865 /* Debug */,
				1BC6B1651D3D5AB200567865 /* Release */,
			);
			defaultConfigurationIsVisible = 0;
			defaultConfigurationName = Release;
		};
		1BC6B1661D3D5AB200567865 /* Build configuration list for PBXNativeTarget "DoNotSmokeApp" */ = {
			isa = XCConfigurationList;
			buildConfigurations = (
				1BC6B1671D3D5AB200567865 /* Debug */,
				1BC6B1681D3D5AB200567865 /* Release */,
			);
			defaultConfigurationIsVisible = 0;
			defaultConfigurationName = Release;
		};
/* End XCConfigurationList section */
	};
	rootObject = 1BC6B14C1D3D5AB200567865 /* Project object */;
}
